
Microsoft Visual Studio Solution File, Format Version 12.00
# Visual Studio Version 17
VisualStudioVersion = 17.10.35004.147
MinimumVisualStudioVersion = 10.0.40219.1
Project("{FAE04EC0-301F-11D3-BF4B-00C04F79EFBC}") = "FindNumbeAndLetter", "FindNumbeAndLetter\FindNumbeAndLetter.csproj", "{071017F7-B48D-49DC-A6BA-994DA6A85588}"
EndProject
Global
	GlobalSection(SolutionConfigurationPlatforms) = preSolution
		Debug|Any CPU = Debug|Any CPU
		Release|Any CPU = Release|Any CPU
	EndGlobalSection
	GlobalSection(ProjectConfigurationPlatforms) = postSolution
		{071017F7-B48D-49DC-A6BA-994DA6A85588}.Debug|Any CPU.ActiveCfg = Debug|Any CPU
		{071017F7-B48D-49DC-A6BA-994DA6A85588}.Debug|Any CPU.Build.0 = Debug|Any CPU
		{071017F7-B48D-49DC-A6BA-994DA6A85588}.Release|Any CPU.ActiveCfg = Release|Any CPU
		{071017F7-B48D-49DC-A6BA-994DA6A85588}.Release|Any CPU.Build.0 = Release|Any CPU
	EndGlobalSection
	GlobalSection(SolutionProperties) = preSolution
		HideSolutionNode = FALSE
	EndGlobalSection
	GlobalSection(ExtensibilityGlobals) = postSolution
		SolutionGuid = {A8DF5A81-701A-4ED4-AB78-0AA9B0BAD191}
	EndGlobalSection
EndGlobal
